// !$*UTF8*$!
{
	archiveVersion = 1;
	classes = {
	};
	objectVersion = 56;
	objects = {

/* Begin PBXBuildFile section */
		EE51E05B2CC2741E005EFCD3 /* PersonView.swift in Sources */ = {isa = PBXBuildFile; fileRef = EE51E05A2CC2741E005EFCD3 /* PersonView.swift */; };
		EEAA97872CC120CF003BA1BC /* AppDelegate.swift in Sources */ = {isa = PBXBuildFile; fileRef = EEAA97862CC120CF003BA1BC /* AppDelegate.swift */; };
		EEAA97892CC120CF003BA1BC /* SceneDelegate.swift in Sources */ = {isa = PBXBuildFile; fileRef = EEAA97882CC120CF003BA1BC /* SceneDelegate.swift */; };
		EEAA978B2CC120CF003BA1BC /* PeopleViewController.swift in Sources */ = {isa = PBXBuildFile; fileRef = EEAA978A2CC120CF003BA1BC /* PeopleViewController.swift */; };
		EEAA97902CC120D0003BA1BC /* Assets.xcassets in Resources */ = {isa = PBXBuildFile; fileRef = EEAA978F2CC120D0003BA1BC /* Assets.xcassets */; };
		EEAA97932CC120D0003BA1BC /* Base in Resources */ = {isa = PBXBuildFile; fileRef = EEAA97922CC120D0003BA1BC /* Base */; };
		EEF5DCE52CC27E6200D489E9 /* Model.swift in Sources */ = {isa = PBXBuildFile; fileRef = EEF5DCE42CC27E6200D489E9 /* Model.swift */; };
		EEF5DCE72CC27ED200D489E9 /* PeopleViewModel.swift in Sources */ = {isa = PBXBuildFile; fileRef = EEF5DCE62CC27ED200D489E9 /* PeopleViewModel.swift */; };
		EEF5DCE92CC2908D00D489E9 /* PersonCollectionViewCell.swift in Sources */ = {isa = PBXBuildFile; fileRef = EEF5DCE82CC2908D00D489E9 /* PersonCollectionViewCell.swift */; };
/* End PBXBuildFile section */

/* Begin PBXFileReference section */
		EE51E05A2CC2741E005EFCD3 /* PersonView.swift */ = {isa = PBXFileReference; lastKnownFileType = sourcecode.swift; path = PersonView.swift; sourceTree = "<group>"; };
		EEAA97832CC120CF003BA1BC /* UIKitPlayaround.app */ = {isa = PBXFileReference; explicitFileType = wrapper.application; includeInIndex = 0; path = UIKitPlayaround.app; sourceTree = BUILT_PRODUCTS_DIR; };
		EEAA97862CC120CF003BA1BC /* AppDelegate.swift */ = {isa = PBXFileReference; lastKnownFileType = sourcecode.swift; path = AppDelegate.swift; sourceTree = "<group>"; };
		EEAA97882CC120CF003BA1BC /* SceneDelegate.swift */ = {isa = PBXFileReference; lastKnownFileType = sourcecode.swift; path = SceneDelegate.swift; sourceTree = "<group>"; };
		EEAA978A2CC120CF003BA1BC /* PeopleViewController.swift */ = {isa = PBXFileReference; lastKnownFileType = sourcecode.swift; path = PeopleViewController.swift; sourceTree = "<group>"; };
		EEAA978F2CC120D0003BA1BC /* Assets.xcassets */ = {isa = PBXFileReference; lastKnownFileType = folder.assetcatalog; path = Assets.xcassets; sourceTree = "<group>"; };
		EEAA97922CC120D0003BA1BC /* Base */ = {isa = PBXFileReference; lastKnownFileType = file.storyboard; name = Base; path = Base.lproj/LaunchScreen.storyboard; sourceTree = "<group>"; };
		EEAA97942CC120D0003BA1BC /* Info.plist */ = {isa = PBXFileReference; lastKnownFileType = text.plist.xml; path = Info.plist; sourceTree = "<group>"; };
		EEF5DCE42CC27E6200D489E9 /* Model.swift */ = {isa = PBXFileReference; lastKnownFileType = sourcecode.swift; path = Model.swift; sourceTree = "<group>"; };
		EEF5DCE62CC27ED200D489E9 /* PeopleViewModel.swift */ = {isa = PBXFileReference; lastKnownFileType = sourcecode.swift; path = PeopleViewModel.swift; sourceTree = "<group>"; };
		EEF5DCE82CC2908D00D489E9 /* PersonCollectionViewCell.swift */ = {isa = PBXFileReference; lastKnownFileType = sourcecode.swift; path = PersonCollectionViewCell.swift; sourceTree = "<group>"; };
/* End PBXFileReference section */

/* Begin PBXFrameworksBuildPhase section */
		EEAA97802CC120CF003BA1BC /* Frameworks */ = {
			isa = PBXFrameworksBuildPhase;
			buildActionMask = 2147483647;
			files = (
			);
			runOnlyForDeploymentPostprocessing = 0;
		};
/* End PBXFrameworksBuildPhase section */

/* Begin PBXGroup section */
		EEAA977A2CC120CF003BA1BC = {
			isa = PBXGroup;
			children = (
				EEF5DCE82CC2908D00D489E9 /* PersonCollectionViewCell.swift */,
				EEF5DCE42CC27E6200D489E9 /* Model.swift */,
				EEF5DCE62CC27ED200D489E9 /* PeopleViewModel.swift */,
				EE51E05A2CC2741E005EFCD3 /* PersonView.swift */,
				EEAA97852CC120CF003BA1BC /* UIKitPlayaround */,
				EEAA97842CC120CF003BA1BC /* Products */,
			);
			sourceTree = "<group>";
		};
		EEAA97842CC120CF003BA1BC /* Products */ = {
			isa = PBXGroup;
			children = (
				EEAA97832CC120CF003BA1BC /* UIKitPlayaround.app */,
			);
			name = Products;
			sourceTree = "<group>";
		};
		EEAA97852CC120CF003BA1BC /* UIKitPlayaround */ = {
			isa = PBXGroup;
			children = (
				EEAA97862CC120CF003BA1BC /* AppDelegate.swift */,
				EEAA97882CC120CF003BA1BC /* SceneDelegate.swift */,
				EEAA978A2CC120CF003BA1BC /* PeopleViewController.swift */,
				EEAA978F2CC120D0003BA1BC /* Assets.xcassets */,
				EEAA97912CC120D0003BA1BC /* LaunchScreen.storyboard */,
				EEAA97942CC120D0003BA1BC /* Info.plist */,
			);
			path = UIKitPlayaround;
			sourceTree = "<group>";
		};
/* End PBXGroup section */

/* Begin PBXNativeTarget section */
		EEAA97822CC120CF003BA1BC /* UIKitPlayaround */ = {
			isa = PBXNativeTarget;
			buildConfigurationList = EEAA97972CC120D0003BA1BC /* Build configuration list for PBXNativeTarget "UIKitPlayaround" */;
			buildPhases = (
				EEAA977F2CC120CF003BA1BC /* Sources */,
				EEAA97802CC120CF003BA1BC /* Frameworks */,
				EEAA97812CC120CF003BA1BC /* Resources */,
			);
			buildRules = (
			);
			dependencies = (
			);
			name = UIKitPlayaround;
			productName = UIKitPlayaround;
			productReference = EEAA97832CC120CF003BA1BC /* UIKitPlayaround.app */;
			productType = "com.apple.product-type.application";
		};
/* End PBXNativeTarget section */

/* Begin PBXProject section */
		EEAA977B2CC120CF003BA1BC /* Project object */ = {
			isa = PBXProject;
			attributes = {
				BuildIndependentTargetsInParallel = 1;
				LastSwiftUpdateCheck = 1540;
				LastUpgradeCheck = 1540;
				TargetAttributes = {
					EEAA97822CC120CF003BA1BC = {
						CreatedOnToolsVersion = 15.4;
					};
				};
			};
			buildConfigurationList = EEAA977E2CC120CF003BA1BC /* Build configuration list for PBXProject "UIKitPlayaround" */;
			compatibilityVersion = "Xcode 14.0";
			developmentRegion = en;
			hasScannedForEncodings = 0;
			knownRegions = (
				en,
				Base,
			);
			mainGroup = EEAA977A2CC120CF003BA1BC;
			productRefGroup = EEAA97842CC120CF003BA1BC /* Products */;
			projectDirPath = "";
			projectRoot = "";
			targets = (
				EEAA97822CC120CF003BA1BC /* UIKitPlayaround */,
			);
		};
/* End PBXProject section */

/* Begin PBXResourcesBuildPhase section */
		EEAA97812CC120CF003BA1BC /* Resources */ = {
			isa = PBXResourcesBuildPhase;
			buildActionMask = 2147483647;
			files = (
				EEAA97902CC120D0003BA1BC /* Assets.xcassets in Resources */,
				EEAA97932CC120D0003BA1BC /* Base in Resources */,
			);
			runOnlyForDeploymentPostprocessing = 0;
		};
/* End PBXResourcesBuildPhase section */

/* Begin PBXSourcesBuildPhase section */
		EEAA977F2CC120CF003BA1BC /* Sources */ = {
			isa = PBXSourcesBuildPhase;
			buildActionMask = 2147483647;
			files = (
				EEF5DCE52CC27E6200D489E9 /* Model.swift in Sources */,
				EEF5DCE72CC27ED200D489E9 /* PeopleViewModel.swift in Sources */,
				EEAA978B2CC120CF003BA1BC /* PeopleViewController.swift in Sources */,
				EE51E05B2CC2741E005EFCD3 /* PersonView.swift in Sources */,
				EEAA97872CC120CF003BA1BC /* AppDelegate.swift in Sources */,
				EEF5DCE92CC2908D00D489E9 /* PersonCollectionViewCell.swift in Sources */,
				EEAA97892CC120CF003BA1BC /* SceneDelegate.swift in Sources */,
			);
			runOnlyForDeploymentPostprocessing = 0;
		};
/* End PBXSourcesBuildPhase section */

/* Begin PBXVariantGroup section */
		EEAA97912CC120D0003BA1BC /* LaunchScreen.storyboard */ = {
			isa = PBXVariantGroup;
			children = (
				EEAA97922CC120D0003BA1BC /* Base */,
			);
			name = LaunchScreen.storyboard;
			sourceTree = "<group>";
		};
/* End PBXVariantGroup section */

/* Begin XCBuildConfiguration section */
		EEAA97952CC120D0003BA1BC /* Debug */ = {
			isa = XCBuildConfiguration;
			buildSettings = {
				ALWAYS_SEARCH_USER_PATHS = NO;
				ASSETCATALOG_COMPILER_GENERATE_SWIFT_ASSET_SYMBOL_EXTENSIONS = YES;
				CLANG_ANALYZER_NONNULL = YES;
				CLANG_ANALYZER_NUMBER_OBJECT_CONVERSION = YES_AGGRESSIVE;
				CLANG_CXX_LANGUAGE_STANDARD = "gnu++20";
				CLANG_ENABLE_MODULES = YES;
				CLANG_ENABLE_OBJC_ARC = YES;
				CLANG_ENABLE_OBJC_WEAK = YES;
				CLANG_WARN_BLOCK_CAPTURE_AUTORELEASING = YES;
				CLANG_WARN_BOOL_CONVERSION = YES;
				CLANG_WARN_COMMA = YES;
				CLANG_WARN_CONSTANT_CONVERSION = YES;
				CLANG_WARN_DEPRECATED_OBJC_IMPLEMENTATIONS = YES;
				CLANG_WARN_DIRECT_OBJC_ISA_USAGE = YES_ERROR;
				CLANG_WARN_DOCUMENTATION_COMMENTS = YES;
				CLANG_WARN_EMPTY_BODY = YES;
				CLANG_WARN_ENUM_CONVERSION = YES;
				CLANG_WARN_INFINITE_RECURSION = YES;
				CLANG_WARN_INT_CONVERSION = YES;
				CLANG_WARN_NON_LITERAL_NULL_CONVERSION = YES;
				CLANG_WARN_OBJC_IMPLICIT_RETAIN_SELF = YES;
				CLANG_WARN_OBJC_LITERAL_CONVERSION = YES;
				CLANG_WARN_OBJC_ROOT_CLASS = YES_ERROR;
				CLANG_WARN_QUOTED_INCLUDE_IN_FRAMEWORK_HEADER = YES;
				CLANG_WARN_RANGE_LOOP_ANALYSIS = YES;
				CLANG_WARN_STRICT_PROTOTYPES = YES;
				CLANG_WARN_SUSPICIOUS_MOVE = YES;
				CLANG_WARN_UNGUARDED_AVAILABILITY = YES_AGGRESSIVE;
				CLANG_WARN_UNREACHABLE_CODE = YES;
				CLANG_WARN__DUPLICATE_METHOD_MATCH = YES;
				COPY_PHASE_STRIP = NO;
				DEBUG_INFORMATION_FORMAT = dwarf;
				ENABLE_STRICT_OBJC_MSGSEND = YES;
				ENABLE_TESTABILITY = YES;
				ENABLE_USER_SCRIPT_SANDBOXING = YES;
				GCC_C_LANGUAGE_STANDARD = gnu17;
				GCC_DYNAMIC_NO_PIC = NO;
				GCC_NO_COMMON_BLOCKS = YES;
				GCC_OPTIMIZATION_LEVEL = 0;
				GCC_PREPROCESSOR_DEFINITIONS = (
					"DEBUG=1",
					"$(inherited)",
				);
				GCC_WARN_64_TO_32_BIT_CONVERSION = YES;
				GCC_WARN_ABOUT_RETURN_TYPE = YES_ERROR;
				GCC_WARN_UNDECLARED_SELECTOR = YES;
				GCC_WARN_UNINITIALIZED_AUTOS = YES_AGGRESSIVE;
				GCC_WARN_UNUSED_FUNCTION = YES;
				GCC_WARN_UNUSED_VARIABLE = YES;
				IPHONEOS_DEPLOYMENT_TARGET = 17.5;
				LOCALIZATION_PREFERS_STRING_CATALOGS = YES;
				MTL_ENABLE_DEBUG_INFO = INCLUDE_SOURCE;
				MTL_FAST_MATH = YES;
				ONLY_ACTIVE_ARCH = YES;
				SDKROOT = iphoneos;
				SWIFT_ACTIVE_COMPILATION_CONDITIONS = "DEBUG $(inherited)";
				SWIFT_OPTIMIZATION_LEVEL = "-Onone";
			};
			name = Debug;
		};
		EEAA97962CC120D0003BA1BC /* Release */ = {
			isa = XCBuildConfiguration;
			buildSettings = {
				ALWAYS_SEARCH_USER_PATHS = NO;
				ASSETCATALOG_COMPILER_GENERATE_SWIFT_ASSET_SYMBOL_EXTENSIONS = YES;
				CLANG_ANALYZER_NONNULL = YES;
				CLANG_ANALYZER_NUMBER_OBJECT_CONVERSION = YES_AGGRESSIVE;
				CLANG_CXX_LANGUAGE_STANDARD = "gnu++20";
				CLANG_ENABLE_MODULES = YES;
				CLANG_ENABLE_OBJC_ARC = YES;
				CLANG_ENABLE_OBJC_WEAK = YES;
				CLANG_WARN_BLOCK_CAPTURE_AUTORELEASING = YES;
				CLANG_WARN_BOOL_CONVERSION = YES;
				CLANG_WARN_COMMA = YES;
				CLANG_WARN_CONSTANT_CONVERSION = YES;
				CLANG_WARN_DEPRECATED_OBJC_IMPLEMENTATIONS = YES;
				CLANG_WARN_DIRECT_OBJC_ISA_USAGE = YES_ERROR;
				CLANG_WARN_DOCUMENTATION_COMMENTS = YES;
				CLANG_WARN_EMPTY_BODY = YES;
				CLANG_WARN_ENUM_CONVERSION = YES;
				CLANG_WARN_INFINITE_RECURSION = YES;
				CLANG_WARN_INT_CONVERSION = YES;
				CLANG_WARN_NON_LITERAL_NULL_CONVERSION = YES;
				CLANG_WARN_OBJC_IMPLICIT_RETAIN_SELF = YES;
				CLANG_WARN_OBJC_LITERAL_CONVERSION = YES;
				CLANG_WARN_OBJC_ROOT_CLASS = YES_ERROR;
				CLANG_WARN_QUOTED_INCLUDE_IN_FRAMEWORK_HEADER = YES;
				CLANG_WARN_RANGE_LOOP_ANALYSIS = YES;
				CLANG_WARN_STRICT_PROTOTYPES = YES;
				CLANG_WARN_SUSPICIOUS_MOVE = YES;
				CLANG_WARN_UNGUARDED_AVAILABILITY = YES_AGGRESSIVE;
				CLANG_WARN_UNREACHABLE_CODE = YES;
				CLANG_WARN__DUPLICATE_METHOD_MATCH = YES;
				COPY_PHASE_STRIP = NO;
				DEBUG_INFORMATION_FORMAT = "dwarf-with-dsym";
				ENABLE_NS_ASSERTIONS = NO;
				ENABLE_STRICT_OBJC_MSGSEND = YES;
				ENABLE_USER_SCRIPT_SANDBOXING = YES;
				GCC_C_LANGUAGE_STANDARD = gnu17;
				GCC_NO_COMMON_BLOCKS = YES;
				GCC_WARN_64_TO_32_BIT_CONVERSION = YES;
				GCC_WARN_ABOUT_RETURN_TYPE = YES_ERROR;
				GCC_WARN_UNDECLARED_SELECTOR = YES;
				GCC_WARN_UNINITIALIZED_AUTOS = YES_AGGRESSIVE;
				GCC_WARN_UNUSED_FUNCTION = YES;
				GCC_WARN_UNUSED_VARIABLE = YES;
				IPHONEOS_DEPLOYMENT_TARGET = 17.5;
				LOCALIZATION_PREFERS_STRING_CATALOGS = YES;
				MTL_ENABLE_DEBUG_INFO = NO;
				MTL_FAST_MATH = YES;
				SDKROOT = iphoneos;
				SWIFT_COMPILATION_MODE = wholemodule;
				VALIDATE_PRODUCT = YES;
			};
			name = Release;
		};
		EEAA97982CC120D0003BA1BC /* Debug */ = {
			isa = XCBuildConfiguration;
			buildSettings = {
				ASSETCATALOG_COMPILER_APPICON_NAME = AppIcon;
				ASSETCATALOG_COMPILER_GLOBAL_ACCENT_COLOR_NAME = AccentColor;
				CODE_SIGN_STYLE = Automatic;
				CURRENT_PROJECT_VERSION = 1;
				DEVELOPMENT_TEAM = FA78TW6FJ8;
				GENERATE_INFOPLIST_FILE = YES;
				INFOPLIST_FILE = UIKitPlayaround/Info.plist;
				INFOPLIST_KEY_UIApplicationSupportsIndirectInputEvents = YES;
				INFOPLIST_KEY_UILaunchStoryboardName = LaunchScreen;
				INFOPLIST_KEY_UISupportedInterfaceOrientations_iPad = "UIInterfaceOrientationPortrait UIInterfaceOrientationPortraitUpsideDown UIInterfaceOrientationLandscapeLeft UIInterfaceOrientationLandscapeRight";
				INFOPLIST_KEY_UISupportedInterfaceOrientations_iPhone = "UIInterfaceOrientationPortrait UIInterfaceOrientationLandscapeLeft UIInterfaceOrientationLandscapeRight";
				LD_RUNPATH_SEARCH_PATHS = (
					"$(inherited)",
					"@executable_path/Frameworks",
				);
				MARKETING_VERSION = 1.0;
				PRODUCT_BUNDLE_IDENTIFIER = Isabella.UIKitPlayaround;
				PRODUCT_NAME = "$(TARGET_NAME)";
				SWIFT_EMIT_LOC_STRINGS = YES;
				SWIFT_VERSION = 5.0;
				TARGETED_DEVICE_FAMILY = "1,2";
			};
			name = Debug;
		};
		EEAA97992CC120D0003BA1BC /* Release */ = {
			isa = XCBuildConfiguration;
			buildSettings = {
				ASSETCATALOG_COMPILER_APPICON_NAME = AppIcon;
				ASSETCATALOG_COMPILER_GLOBAL_ACCENT_COLOR_NAME = AccentColor;
				CODE_SIGN_STYLE = Automatic;
				CURRENT_PROJECT_VERSION = 1;
				DEVELOPMENT_TEAM = FA78TW6FJ8;
				GENERATE_INFOPLIST_FILE = YES;
				INFOPLIST_FILE = UIKitPlayaround/Info.plist;
				INFOPLIST_KEY_UIApplicationSupportsIndirectInputEvents = YES;
				INFOPLIST_KEY_UILaunchStoryboardName = LaunchScreen;
				INFOPLIST_KEY_UISupportedInterfaceOrientations_iPad = "UIInterfaceOrientationPortrait UIInterfaceOrientationPortraitUpsideDown UIInterfaceOrientationLandscapeLeft UIInterfaceOrientationLandscapeRight";
				INFOPLIST_KEY_UISupportedInterfaceOrientations_iPhone = "UIInterfaceOrientationPortrait UIInterfaceOrientationLandscapeLeft UIInterfaceOrientationLandscapeRight";
				LD_RUNPATH_SEARCH_PATHS = (
					"$(inherited)",
					"@executable_path/Frameworks",
				);
				MARKETING_VERSION = 1.0;
				PRODUCT_BUNDLE_IDENTIFIER = Isabella.UIKitPlayaround;
				PRODUCT_NAME = "$(TARGET_NAME)";
				SWIFT_EMIT_LOC_STRINGS = YES;
				SWIFT_VERSION = 5.0;
				TARGETED_DEVICE_FAMILY = "1,2";
			};
			name = Release;
		};
/* End XCBuildConfiguration section */

/* Begin XCConfigurationList section */
		EEAA977E2CC120CF003BA1BC /* Build configuration list for PBXProject "UIKitPlayaround" */ = {
			isa = XCConfigurationList;
			buildConfigurations = (
				EEAA97952CC120D0003BA1BC /* Debug */,
				EEAA97962CC120D0003BA1BC /* Release */,
			);
			defaultConfigurationIsVisible = 0;
			defaultConfigurationName = Release;
		};
		EEAA97972CC120D0003BA1BC /* Build configuration list for PBXNativeTarget "UIKitPlayaround" */ = {
			isa = XCConfigurationList;
			buildConfigurations = (
				EEAA97982CC120D0003BA1BC /* Debug */,
				EEAA97992CC120D0003BA1BC /* Release */,
			);
			defaultConfigurationIsVisible = 0;
			defaultConfigurationName = Release;
		};
/* End XCConfigurationList section */
	};
	rootObject = EEAA977B2CC120CF003BA1BC /* Project object */;
}
